{
    "_meta": {
        "hash": {
            "sha256": "1ea0783b04d65bbf9bf5486fe6b6a4a9c982abdf310d43c712e1baa26036c317"
        },
        "pipfile-spec": 6,
        "requires": {},
        "sources": [
            {
                "name": "pypi",
                "url": "https://pypi.org/simple",
                "verify_ssl": true
            }
        ]
    },
    "default": {
        "asgiref": {
            "hashes": [
                "sha256:5f184dc43b7e763efe848065441eac62229c9f7b0475f41f80e207a114eda4ce",
                "sha256:e8667a091e69529631969fd45dc268fa79b99c92c5fcdda727757e52146ec133"
            ],
            "markers": "python_version >= '3.9'",
            "version": "==3.11.1"
        },
        "chess": {
            "hashes": [
                "sha256:a8b43e5678fdb3000695bdaa573117ad683761e5ca38e591c4826eba6d25bb39"
            ],
            "index": "pypi",
            "markers": "python_version >= '3.8'",
            "version": "==1.11.2"
        },
        "django": {
            "hashes": [
                "sha256:9d58a7cb49244e74c8e161d5e403a46d6209f1009ba40f5a66d6aa0d0786a8f0",
                "sha256:bc6d6872e98a2864c836e42edd644b362db311147dd5aa8d5b82ba7a032f5269"
            ],
            "index": "pypi",
            "markers": "python_version >= '3.12'",
            "version": "==6.0.5"
        },
        "django-cors-headers": {
            "hashes": [
                "sha256:15c7f20727f90044dcee2216a9fd7303741a864865f0c3657e28b7056f61b449",
                "sha256:fe5d7cb59fdc2c8c646ce84b727ac2bca8912a247e6e68e1fb507372178e59e8"
            ],
            "index": "pypi",
            "markers": "python_version >= '3.9'",
            "version": "==4.9.0"
        },
        "djangorestframework": {
            "hashes": [
                "sha256:a6def5f447fe78ff853bff1d47a3c59bf38f5434b031780b351b0c73a62db1a5",
                "sha256:c3c74dd3e83a5a3efc37b3c18d92bd6f86a6791c7b7d4dff62bb068500e76457"
            ],
            "index": "pypi",
            "markers": "python_version >= '3.10'",
            "version": "==3.17.1"
        },
        "djangorestframework-simplejwt": {
            "hashes": [
                "sha256:2c30f3707053d384e9f315d11c2daccfcb548d4faa453111ca19a542b732e469",
                "sha256:e72c5572f51d7803021288e2057afcbd03f17fe11d484096f40a460abc76e87f"
            ],
            "index": "pypi",
            "markers": "python_version >= '3.9'",
            "version": "==5.5.1"
        },
        "mysql-connector-python": {
            "hashes": [
                "sha256:079ce68d617250ef5cefffd5243056dc9f87c6034c804235fd6f45a0daf5a6ae",
                "sha256:15106ed73d74487f86de6b1859ff7f362efca7c7f9c494497ccb7439d3139fe6",
                "sha256:229ffce2333b88b59f8f034881e12dc85b309615338be9f843ed63923db99d52",
                "sha256:236a4b8abfac8217517ce9e9edc735decf55282ada3890b3cd33770009f33d68",
                "sha256:272c4e8263f6a514e4ae65e9553ed214fc9d4cf1f0f6bedca30def20c2ae1d52",
                "sha256:2eae45230b5cbd783d68bdfe8b05ad9b4ebd06799f8d302a6169d7f025572baf",
                "sha256:39bf31cdbe920eae08801eb829584dc27f70dadbdb3a5c3b78402f54cea87ab0",
                "sha256:45491d4ce56722cb335e6d0bde2d4f4a98b7073421bd02a04ad5e6220d69e499",
                "sha256:5492d57a6a0e5127a928290737fbb91b66b46d31dac8de3e7604e550bf3b3a6e",
                "sha256:5a5abbc152bc28cb2e64a04605ecd9941eff6b0dc5f9528cb84adb873e9a1e49",
                "sha256:6546e0b60c275409a5add9e3308c3897fcf478d1338cd845b1664c1a8946f72f",
                "sha256:933887e71c871b6e9d8908459fe8303ebcf8feb5cc1e1c49caa6490e525cf78e",
                "sha256:9549a2974353407427b574f005c92f03972e303182b4c3b4a272bf4ca10855ed",
                "sha256:9bdfc2d4c4444cd1cc79cc6487c047b28fe2b26d0327b27eb9f5737bb553cb5c",
                "sha256:9da73e212bb08e4df286506ffbda943063bbce448375a7db29748bb367f4e0af",
                "sha256:9e17ceb79c1c4c137a5994f8ca8c6a1ce8ebf83eda3ccc21dd67f2c1398680f0",
                "sha256:a2f371ab69d65c61136c51ad7026017400166cef3c959cab7a9fb668c7acbfba",
                "sha256:af80b1e7179d5c2d983cf62470ad9b134a7e9ef05cf31108ae587f15873530cc",
                "sha256:b5cb8a3ba42b539f79cd13e4c8376d28506f3180f7079c9b04ea7bfd0424fb03",
                "sha256:b8d3d6f32b95ae1d0a2f29d1a2b4e628849bcf7e84a70dc56c85b4929361d86b",
                "sha256:c51be697bfdfdf63bb71c5ecc51f7c6faf4aaa3d14a0136fa16e97cc37df1185",
                "sha256:d5924a76b530159c02f2fe8da4d3c6377ce1f5e195827e8ecbd36124673651d3",
                "sha256:daf70f7da64a2e7c17e6dfd1fc98d2deb653fd955d0bd0b1fef246356e682b0f",
                "sha256:e3842ecd62391a28c1dda5eb817f40418715e68482a8c146b3c478ac8bb7a23f",
                "sha256:ea4e05ab864ab8b0b5066d885d89ca51e5ba1320dba520c20a6f9388a8eca022",
                "sha256:ee90c5f44f706f012be17f03f6ad158ff96e7f2dcc077896fe4537d3d28b3cf4"
            ],
            "index": "pypi",
            "markers": "python_version >= '3.10'",
            "version": "==9.7.0"
        },
        "pyjwt": {
            "hashes": [
                "sha256:41571c89ca91598c79e8ef18a2d07367d4810fbbd6f637794879baf1b7703423",
                "sha256:66adcc2aff09b3f1bbd95fc1e1577df8ac8723c978552fd43304c8a290ac5728"
            ],
            "index": "pypi",
            "markers": "python_version >= '3.9'",
            "version": "==2.13.0"
        },
        "sqlparse": {
            "hashes": [
                "sha256:12a08b3bf3eec877c519589833aed092e2444e68240a3577e8e26148acc7b1ba",
                "sha256:e20d4a9b0b8585fdf63b10d30066c7c94c5d7a7ec47c889a2d83a3caa93ff28e"
            ],
            "markers": "python_version >= '3.8'",
            "version": "==0.5.5"
        },
        "tzdata": {
            "hashes": [
                "sha256:9173fde7d80d9018e02a662e168e5a2d04f87c41ea174b139fbef642eda62d10",
                "sha256:bbe9af844f658da81a5f95019480da3a89415801f6cc966806612cc7169bffe7"
            ],
            "index": "pypi",
            "markers": "python_version >= '2'",
            "version": "==2026.2"
        }
    },
    "develop": {
        "autopep8": {
            "hashes": [
                "sha256:89440a4f969197b69a995e4ce0661b031f455a9f776d2c5ba3dbd83466931758",
                "sha256:ce8ad498672c845a0c3de2629c15b635ec2b05ef8177a6e7c91c74f3e9b51128"
            ],
            "index": "pypi",
            "markers": "python_version >= '3.9'",
            "version": "==2.3.2"
        },
        "pycodestyle": {
            "hashes": [
                "sha256:c4b5b517d278089ff9d0abdec919cd97262a3367449ea1c8b49b91529167b783",
                "sha256:dd6bf7cb4ee77f8e016f9c8e74a35ddd9f67e1d5fd4184d86c3b98e07099f42d"
            ],
            "markers": "python_version >= '3.9'",
            "version": "==2.14.0"
        }
    }
}
